
Microsoft Visual Studio Solution File, Format Version 12.00
# Visual Studio Version 17
VisualStudioVersion = 17.11.35312.102
MinimumVisualStudioVersion = 10.0.40219.1
Project("{FAE04EC0-301F-11D3-BF4B-00C04F79EFBC}") = "PasswordManager.App", "PasswordManager.App\PasswordManager.App.csproj", "{0B18847F-E983-414D-93FD-66DBC3BDBD53}"
EndProject
Project("{FAE04EC0-301F-11D3-BF4B-00C04F79EFBC}") = "PasswordManager.Core", "PasswordManager.Core\PasswordManager.Core.csproj", "{C2D61E22-F54B-4177-90C1-AA24A5142E89}"
EndProject
Project("{FAE04EC0-301F-11D3-BF4B-00C04F79EFBC}") = "PasswordManager.Data", "PasswordManager.Data\PasswordManager.Data.csproj", "{A360FF3C-1DFF-4A0A-840C-72EA7EDA949B}"
EndProject
Global
	GlobalSection(SolutionConfigurationPlatforms) = preSolution
		Debug|Any CPU = Debug|Any CPU
		Release|Any CPU = Release|Any CPU
	EndGlobalSection
	GlobalSection(ProjectConfigurationPlatforms) = postSolution
		{0B18847F-E983-414D-93FD-66DBC3BDBD53}.Debug|Any CPU.ActiveCfg = Debug|Any CPU
		{0B18847F-E983-414D-93FD-66DBC3BDBD53}.Debug|Any CPU.Build.0 = Debug|Any CPU
		{0B18847F-E983-414D-93FD-66DBC3BDBD53}.Release|Any CPU.ActiveCfg = Release|Any CPU
		{0B18847F-E983-414D-93FD-66DBC3BDBD53}.Release|Any CPU.Build.0 = Release|Any CPU
		{C2D61E22-F54B-4177-90C1-AA24A5142E89}.Debug|Any CPU.ActiveCfg = Debug|Any CPU
		{C2D61E22-F54B-4177-90C1-AA24A5142E89}.Debug|Any CPU.Build.0 = Debug|Any CPU
		{C2D61E22-F54B-4177-90C1-AA24A5142E89}.Release|Any CPU.ActiveCfg = Release|Any CPU
		{C2D61E22-F54B-4177-90C1-AA24A5142E89}.Release|Any CPU.Build.0 = Release|Any CPU
		{A360FF3C-1DFF-4A0A-840C-72EA7EDA949B}.Debug|Any CPU.ActiveCfg = Debug|Any CPU
		{A360FF3C-1DFF-4A0A-840C-72EA7EDA949B}.Debug|Any CPU.Build.0 = Debug|Any CPU
		{A360FF3C-1DFF-4A0A-840C-72EA7EDA949B}.Release|Any CPU.ActiveCfg = Release|Any CPU
		{A360FF3C-1DFF-4A0A-840C-72EA7EDA949B}.Release|Any CPU.Build.0 = Release|Any CPU
	EndGlobalSection
	GlobalSection(SolutionProperties) = preSolution
		HideSolutionNode = FALSE
	EndGlobalSection
	GlobalSection(ExtensibilityGlobals) = postSolution
		SolutionGuid = {1506C278-0F24-4E3B-BE25-EB7A5DAEA5E5}
	EndGlobalSection
EndGlobal
